
Microsoft Visual Studio Solution File, Format Version 12.00
# Visual Studio Version 17
VisualStudioVersion = 17.8.34316.72
MinimumVisualStudioVersion = 10.0.40219.1
Project("{8BC9CEB8-8B4A-11D0-8D11-00A0C91BC942}") = "SynchApp", "SynchApp.vcxproj", "{079E2624-E2FB-47AF-A060-F50977AAB41A}"
EndProject
Global
	GlobalSection(SolutionConfigurationPlatforms) = preSolution
		Debug|x64 = Debug|x64
		Debug|x86 = Debug|x86
		Release|x64 = Release|x64
		Release|x86 = Release|x86
	EndGlobalSection
	GlobalSection(ProjectConfigurationPlatforms) = postSolution
		{079E2624-E2FB-47AF-A060-F50977AAB41A}.Debug|x64.ActiveCfg = Debug|x64
		{079E2624-E2FB-47AF-A060-F50977AAB41A}.Debug|x64.Build.0 = Debug|x64
		{079E2624-E2FB-47AF-A060-F50977AAB41A}.Debug|x86.ActiveCfg = Debug|Win32
		{079E2624-E2FB-47AF-A060-F50977AAB41A}.Debug|x86.Build.0 = Debug|Win32
		{079E2624-E2FB-47AF-A060-F50977AAB41A}.Release|x64.ActiveCfg = Release|x64
		{079E2624-E2FB-47AF-A060-F50977AAB41A}.Release|x64.Build.0 = Release|x64
		{079E2624-E2FB-47AF-A060-F50977AAB41A}.Release|x86.ActiveCfg = Release|Win32
		{079E2624-E2FB-47AF-A060-F50977AAB41A}.Release|x86.Build.0 = Release|Win32
	EndGlobalSection
	GlobalSection(SolutionProperties) = preSolution
		HideSolutionNode = FALSE
	EndGlobalSection
	GlobalSection(ExtensibilityGlobals) = postSolution
		SolutionGuid = {05829C63-73BC-4933-A0AF-914E8C7A4741}
	EndGlobalSection
EndGlobal
