
Microsoft Visual Studio Solution File, Format Version 12.00
# Visual Studio Version 17
VisualStudioVersion = 17.8.34316.72
MinimumVisualStudioVersion = 10.0.40219.1
Project("{FAE04EC0-301F-11D3-BF4B-00C04F79EFBC}") = "lw7RewriteApp", "lw7RewriteApp.csproj", "{95BBF540-C4AD-4D07-9A52-DE83EFF79D6F}"
EndProject
Global
	GlobalSection(SolutionConfigurationPlatforms) = preSolution
		Debug|Any CPU = Debug|Any CPU
		Release|Any CPU = Release|Any CPU
	EndGlobalSection
	GlobalSection(ProjectConfigurationPlatforms) = postSolution
		{95BBF540-C4AD-4D07-9A52-DE83EFF79D6F}.Debug|Any CPU.ActiveCfg = Debug|Any CPU
		{95BBF540-C4AD-4D07-9A52-DE83EFF79D6F}.Debug|Any CPU.Build.0 = Debug|Any CPU
		{95BBF540-C4AD-4D07-9A52-DE83EFF79D6F}.Release|Any CPU.ActiveCfg = Release|Any CPU
		{95BBF540-C4AD-4D07-9A52-DE83EFF79D6F}.Release|Any CPU.Build.0 = Release|Any CPU
	EndGlobalSection
	GlobalSection(SolutionProperties) = preSolution
		HideSolutionNode = FALSE
	EndGlobalSection
	GlobalSection(ExtensibilityGlobals) = postSolution
		SolutionGuid = {C9C21309-894E-4D08-A7E1-40530131732D}
	EndGlobalSection
EndGlobal
