
Microsoft Visual Studio Solution File, Format Version 12.00
# Visual Studio Version 17
VisualStudioVersion = 17.8.34316.72
MinimumVisualStudioVersion = 10.0.40219.1
Project("{FAE04EC0-301F-11D3-BF4B-00C04F79EFBC}") = "lw7SynchDownloadApp", "lw7SynchDownloadApp.csproj", "{834F5752-9DC2-40DA-9A93-EED191369D1B}"
EndProject
Global
	GlobalSection(SolutionConfigurationPlatforms) = preSolution
		Debug|Any CPU = Debug|Any CPU
		Release|Any CPU = Release|Any CPU
	EndGlobalSection
	GlobalSection(ProjectConfigurationPlatforms) = postSolution
		{834F5752-9DC2-40DA-9A93-EED191369D1B}.Debug|Any CPU.ActiveCfg = Debug|Any CPU
		{834F5752-9DC2-40DA-9A93-EED191369D1B}.Debug|Any CPU.Build.0 = Debug|Any CPU
		{834F5752-9DC2-40DA-9A93-EED191369D1B}.Release|Any CPU.ActiveCfg = Release|Any CPU
		{834F5752-9DC2-40DA-9A93-EED191369D1B}.Release|Any CPU.Build.0 = Release|Any CPU
	EndGlobalSection
	GlobalSection(SolutionProperties) = preSolution
		HideSolutionNode = FALSE
	EndGlobalSection
	GlobalSection(ExtensibilityGlobals) = postSolution
		SolutionGuid = {7DB89ADA-020A-4816-A3A5-05A6FC9BED3B}
	EndGlobalSection
EndGlobal
